// !$*UTF8*$!
{
	archiveVersion = 1;
	classes = {
	};
	objectVersion = 46;
	objects = {

/* Begin PBXBuildFile section */
		5F2411BD1E4874C700D6C887 /* main.m in Sources */ = {isa = PBXBuildFile; fileRef = 5F2411BC1E4874C700D6C887 /* main.m */; };
		5F2411C01E4874C800D6C887 /* AppDelegate.m in Sources */ = {isa = PBXBuildFile; fileRef = 5F2411BF1E4874C800D6C887 /* AppDelegate.m */; };
		5F2411C31E4874C800D6C887 /* ViewController.m in Sources */ = {isa = PBXBuildFile; fileRef = 5F2411C21E4874C800D6C887 /* ViewController.m */; };
		5F2411C61E4874C800D6C887 /* Main.storyboard in Resources */ = {isa = PBXBuildFile; fileRef = 5F2411C41E4874C800D6C887 /* Main.storyboard */; };
		5F2411C81E4874C800D6C887 /* Assets.xcassets in Resources */ = {isa = PBXBuildFile; fileRef = 5F2411C71E4874C800D6C887 /* Assets.xcassets */; };
		5F2411CB1E4874C800D6C887 /* LaunchScreen.storyboard in Resources */ = {isa = PBXBuildFile; fileRef = 5F2411C91E4874C800D6C887 /* LaunchScreen.storyboard */; };
		5F2411D61E4874C900D6C887 /* RSADemoTests.m in Sources */ = {isa = PBXBuildFile; fileRef = 5F2411D51E4874C900D6C887 /* RSADemoTests.m */; };
		5F2411E11E4874C900D6C887 /* RSADemoUITests.m in Sources */ = {isa = PBXBuildFile; fileRef = 5F2411E01E4874C900D6C887 /* RSADemoUITests.m */; };
		5F2411F01E4874DC00D6C887 /* Security.framework in Frameworks */ = {isa = PBXBuildFile; fileRef = 5F2411EF1E4874DC00D6C887 /* Security.framework */; };
		5F2411F31E48750100D6C887 /* RSAEncryptor.m in Sources */ = {isa = PBXBuildFile; fileRef = 5F2411F21E48750100D6C887 /* RSAEncryptor.m */; };
		5F2411F71E48922600D6C887 /* UIKit.framework in Frameworks */ = {isa = PBXBuildFile; fileRef = 5F2411F61E48922600D6C887 /* UIKit.framework */; };
		5F2411F91E48922B00D6C887 /* Foundation.framework in Frameworks */ = {isa = PBXBuildFile; fileRef = 5F2411F81E48922B00D6C887 /* Foundation.framework */; };
		8E7CAEDE1E4962D900A716CA /* public_key.der in Resources */ = {isa = PBXBuildFile; fileRef = 8E7CAEDC1E495D4A00A716CA /* public_key.der */; };
		8E7CAEDF1E4962D900A716CA /* private_key.p12 in Resources */ = {isa = PBXBuildFile; fileRef = 8E7CAEDD1E495D4A00A716CA /* private_key.p12 */; };
/* End PBXBuildFile section */

/* Begin PBXContainerItemProxy section */
		5F2411D21E4874C900D6C887 /* PBXContainerItemProxy */ = {
			isa = PBXContainerItemProxy;
			containerPortal = 5F2411B01E4874C700D6C887 /* Project object */;
			proxyType = 1;
			remoteGlobalIDString = 5F2411B71E4874C700D6C887;
			remoteInfo = RSADemo;
		};
		5F2411DD1E4874C900D6C887 /* PBXContainerItemProxy */ = {
			isa = PBXContainerItemProxy;
			containerPortal = 5F2411B01E4874C700D6C887 /* Project object */;
			proxyType = 1;
			remoteGlobalIDString = 5F2411B71E4874C700D6C887;
			remoteInfo = RSADemo;
		};
/* End PBXContainerItemProxy section */

/* Begin PBXFileReference section */
		5F2411B81E4874C700D6C887 /* RSADemo.app */ = {isa = PBXFileReference; explicitFileType = wrapper.application; includeInIndex = 0; path = RSADemo.app; sourceTree = BUILT_PRODUCTS_DIR; };
		5F2411BC1E4874C700D6C887 /* main.m */ = {isa = PBXFileReference; lastKnownFileType = sourcecode.c.objc; path = main.m; sourceTree = "<group>"; };
		5F2411BE1E4874C700D6C887 /* AppDelegate.h */ = {isa = PBXFileReference; lastKnownFileType = sourcecode.c.h; path = AppDelegate.h; sourceTree = "<group>"; };
		5F2411BF1E4874C800D6C887 /* AppDelegate.m */ = {isa = PBXFileReference; lastKnownFileType = sourcecode.c.objc; path = AppDelegate.m; sourceTree = "<group>"; };
		5F2411C11E4874C800D6C887 /* ViewController.h */ = {isa = PBXFileReference; lastKnownFileType = sourcecode.c.h; path = ViewController.h; sourceTree = "<group>"; };
		5F2411C21E4874C800D6C887 /* ViewController.m */ = {isa = PBXFileReference; lastKnownFileType = sourcecode.c.objc; path = ViewController.m; sourceTree = "<group>"; };
		5F2411C51E4874C800D6C887 /* Base */ = {isa = PBXFileReference; lastKnownFileType = file.storyboard; name = Base; path = Base.lproj/Main.storyboard; sourceTree = "<group>"; };
		5F2411C71E4874C800D6C887 /* Assets.xcassets */ = {isa = PBXFileReference; lastKnownFileType = folder.assetcatalog; path = Assets.xcassets; sourceTree = "<group>"; };
		5F2411CA1E4874C800D6C887 /* Base */ = {isa = PBXFileReference; lastKnownFileType = file.storyboard; name = Base; path = Base.lproj/LaunchScreen.storyboard; sourceTree = "<group>"; };
		5F2411CC1E4874C800D6C887 /* Info.plist */ = {isa = PBXFileReference; lastKnownFileType = text.plist.xml; path = Info.plist; sourceTree = "<group>"; };
		5F2411D11E4874C900D6C887 /* RSADemoTests.xctest */ = {isa = PBXFileReference; explicitFileType = wrapper.cfbundle; includeInIndex = 0; path = RSADemoTests.xctest; sourceTree = BUILT_PRODUCTS_DIR; };
		5F2411D51E4874C900D6C887 /* RSADemoTests.m */ = {isa = PBXFileReference; lastKnownFileType = sourcecode.c.objc; path = RSADemoTests.m; sourceTree = "<group>"; };
		5F2411D71E4874C900D6C887 /* Info.plist */ = {isa = PBXFileReference; lastKnownFileType = text.plist.xml; path = Info.plist; sourceTree = "<group>"; };
		5F2411DC1E4874C900D6C887 /* RSADemoUITests.xctest */ = {isa = PBXFileReference; explicitFileType = wrapper.cfbundle; includeInIndex = 0; path = RSADemoUITests.xctest; sourceTree = BUILT_PRODUCTS_DIR; };
		5F2411E01E4874C900D6C887 /* RSADemoUITests.m */ = {isa = PBXFileReference; lastKnownFileType = sourcecode.c.objc; path = RSADemoUITests.m; sourceTree = "<group>"; };
		5F2411E21E4874C900D6C887 /* Info.plist */ = {isa = PBXFileReference; lastKnownFileType = text.plist.xml; path = Info.plist; sourceTree = "<group>"; };
		5F2411EF1E4874DC00D6C887 /* Security.framework */ = {isa = PBXFileReference; lastKnownFileType = wrapper.framework; name = Security.framework; path = System/Library/Frameworks/Security.framework; sourceTree = SDKROOT; };
		5F2411F11E48750100D6C887 /* RSAEncryptor.h */ = {isa = PBXFileReference; fileEncoding = 4; lastKnownFileType = sourcecode.c.h; path = RSAEncryptor.h; sourceTree = "<group>"; };
		5F2411F21E48750100D6C887 /* RSAEncryptor.m */ = {isa = PBXFileReference; fileEncoding = 4; lastKnownFileType = sourcecode.c.objc; path = RSAEncryptor.m; sourceTree = "<group>"; };
		5F2411F61E48922600D6C887 /* UIKit.framework */ = {isa = PBXFileReference; lastKnownFileType = wrapper.framework; name = UIKit.framework; path = System/Library/Frameworks/UIKit.framework; sourceTree = SDKROOT; };
		5F2411F81E48922B00D6C887 /* Foundation.framework */ = {isa = PBXFileReference; lastKnownFileType = wrapper.framework; name = Foundation.framework; path = System/Library/Frameworks/Foundation.framework; sourceTree = SDKROOT; };
		8E7CAEDC1E495D4A00A716CA /* public_key.der */ = {isa = PBXFileReference; lastKnownFileType = file; path = public_key.der; sourceTree = "<group>"; };
		8E7CAEDD1E495D4A00A716CA /* private_key.p12 */ = {isa = PBXFileReference; lastKnownFileType = file; path = private_key.p12; sourceTree = "<group>"; };
/* End PBXFileReference section */

/* Begin PBXFrameworksBuildPhase section */
		5F2411B51E4874C700D6C887 /* Frameworks */ = {
			isa = PBXFrameworksBuildPhase;
			buildActionMask = 2147483647;
			files = (
				5F2411F91E48922B00D6C887 /* Foundation.framework in Frameworks */,
				5F2411F71E48922600D6C887 /* UIKit.framework in Frameworks */,
				5F2411F01E4874DC00D6C887 /* Security.framework in Frameworks */,
			);
			runOnlyForDeploymentPostprocessing = 0;
		};
		5F2411CE1E4874C900D6C887 /* Frameworks */ = {
			isa = PBXFrameworksBuildPhase;
			buildActionMask = 2147483647;
			files = (
			);
			runOnlyForDeploymentPostprocessing = 0;
		};
		5F2411D91E4874C900D6C887 /* Frameworks */ = {
			isa = PBXFrameworksBuildPhase;
			buildActionMask = 2147483647;
			files = (
			);
			runOnlyForDeploymentPostprocessing = 0;
		};
/* End PBXFrameworksBuildPhase section */

/* Begin PBXGroup section */
		5F2411AF1E4874C700D6C887 = {
			isa = PBXGroup;
			children = (
				5F2411BA1E4874C700D6C887 /* RSADemo */,
				5F2411D41E4874C900D6C887 /* RSADemoTests */,
				5F2411DF1E4874C900D6C887 /* RSADemoUITests */,
				5F2411B91E4874C700D6C887 /* Products */,
				5F2411EE1E4874DB00D6C887 /* Frameworks */,
			);
			sourceTree = "<group>";
		};
		5F2411B91E4874C700D6C887 /* Products */ = {
			isa = PBXGroup;
			children = (
				5F2411B81E4874C700D6C887 /* RSADemo.app */,
				5F2411D11E4874C900D6C887 /* RSADemoTests.xctest */,
				5F2411DC1E4874C900D6C887 /* RSADemoUITests.xctest */,
			);
			name = Products;
			sourceTree = "<group>";
		};
		5F2411BA1E4874C700D6C887 /* RSADemo */ = {
			isa = PBXGroup;
			children = (
				8E7CAEDC1E495D4A00A716CA /* public_key.der */,
				8E7CAEDD1E495D4A00A716CA /* private_key.p12 */,
				5F2411BE1E4874C700D6C887 /* AppDelegate.h */,
				5F2411BF1E4874C800D6C887 /* AppDelegate.m */,
				5F2411C11E4874C800D6C887 /* ViewController.h */,
				5F2411C21E4874C800D6C887 /* ViewController.m */,
				5F2411F11E48750100D6C887 /* RSAEncryptor.h */,
				5F2411F21E48750100D6C887 /* RSAEncryptor.m */,
				5F2411C41E4874C800D6C887 /* Main.storyboard */,
				5F2411C71E4874C800D6C887 /* Assets.xcassets */,
				5F2411C91E4874C800D6C887 /* LaunchScreen.storyboard */,
				5F2411CC1E4874C800D6C887 /* Info.plist */,
				5F2411BB1E4874C700D6C887 /* Supporting Files */,
			);
			path = RSADemo;
			sourceTree = "<group>";
		};
		5F2411BB1E4874C700D6C887 /* Supporting Files */ = {
			isa = PBXGroup;
			children = (
				5F2411BC1E4874C700D6C887 /* main.m */,
			);
			name = "Supporting Files";
			sourceTree = "<group>";
		};
		5F2411D41E4874C900D6C887 /* RSADemoTests */ = {
			isa = PBXGroup;
			children = (
				5F2411D51E4874C900D6C887 /* RSADemoTests.m */,
				5F2411D71E4874C900D6C887 /* Info.plist */,
			);
			path = RSADemoTests;
			sourceTree = "<group>";
		};
		5F2411DF1E4874C900D6C887 /* RSADemoUITests */ = {
			isa = PBXGroup;
			children = (
				5F2411E01E4874C900D6C887 /* RSADemoUITests.m */,
				5F2411E21E4874C900D6C887 /* Info.plist */,
			);
			path = RSADemoUITests;
			sourceTree = "<group>";
		};
		5F2411EE1E4874DB00D6C887 /* Frameworks */ = {
			isa = PBXGroup;
			children = (
				5F2411F81E48922B00D6C887 /* Foundation.framework */,
				5F2411F61E48922600D6C887 /* UIKit.framework */,
				5F2411EF1E4874DC00D6C887 /* Security.framework */,
			);
			name = Frameworks;
			sourceTree = "<group>";
		};
/* End PBXGroup section */

/* Begin PBXNativeTarget section */
		5F2411B71E4874C700D6C887 /* RSADemo */ = {
			isa = PBXNativeTarget;
			buildConfigurationList = 5F2411E51E4874C900D6C887 /* Build configuration list for PBXNativeTarget "RSADemo" */;
			buildPhases = (
				5F2411B41E4874C700D6C887 /* Sources */,
				5F2411B51E4874C700D6C887 /* Frameworks */,
				5F2411B61E4874C700D6C887 /* Resources */,
			);
			buildRules = (
			);
			dependencies = (
			);
			name = RSADemo;
			productName = RSADemo;
			productReference = 5F2411B81E4874C700D6C887 /* RSADemo.app */;
			productType = "com.apple.product-type.application";
		};
		5F2411D01E4874C900D6C887 /* RSADemoTests */ = {
			isa = PBXNativeTarget;
			buildConfigurationList = 5F2411E81E4874C900D6C887 /* Build configuration list for PBXNativeTarget "RSADemoTests" */;
			buildPhases = (
				5F2411CD1E4874C900D6C887 /* Sources */,
				5F2411CE1E4874C900D6C887 /* Frameworks */,
				5F2411CF1E4874C900D6C887 /* Resources */,
			);
			buildRules = (
			);
			dependencies = (
				5F2411D31E4874C900D6C887 /* PBXTargetDependency */,
			);
			name = RSADemoTests;
			productName = RSADemoTests;
			productReference = 5F2411D11E4874C900D6C887 /* RSADemoTests.xctest */;
			productType = "com.apple.product-type.bundle.unit-test";
		};
		5F2411DB1E4874C900D6C887 /* RSADemoUITests */ = {
			isa = PBXNativeTarget;
			buildConfigurationList = 5F2411EB1E4874C900D6C887 /* Build configuration list for PBXNativeTarget "RSADemoUITests" */;
			buildPhases = (
				5F2411D81E4874C900D6C887 /* Sources */,
				5F2411D91E4874C900D6C887 /* Frameworks */,
				5F2411DA1E4874C900D6C887 /* Resources */,
			);
			buildRules = (
			);
			dependencies = (
				5F2411DE1E4874C900D6C887 /* PBXTargetDependency */,
			);
			name = RSADemoUITests;
			productName = RSADemoUITests;
			productReference = 5F2411DC1E4874C900D6C887 /* RSADemoUITests.xctest */;
			productType = "com.apple.product-type.bundle.ui-testing";
		};
/* End PBXNativeTarget section */

/* Begin PBXProject section */
		5F2411B01E4874C700D6C887 /* Project object */ = {
			isa = PBXProject;
			attributes = {
				LastUpgradeCheck = 0800;
				ORGANIZATIONNAME = HJ;
				TargetAttributes = {
					5F2411B71E4874C700D6C887 = {
						CreatedOnToolsVersion = 8.0;
						DevelopmentTeam = VBG5T2XYZS;
						ProvisioningStyle = Automatic;
					};
					5F2411D01E4874C900D6C887 = {
						CreatedOnToolsVersion = 8.0;
						DevelopmentTeam = VBG5T2XYZS;
						ProvisioningStyle = Automatic;
						TestTargetID = 5F2411B71E4874C700D6C887;
					};
					5F2411DB1E4874C900D6C887 = {
						CreatedOnToolsVersion = 8.0;
						DevelopmentTeam = VBG5T2XYZS;
						ProvisioningStyle = Automatic;
						TestTargetID = 5F2411B71E4874C700D6C887;
					};
				};
			};
			buildConfigurationList = 5F2411B31E4874C700D6C887 /* Build configuration list for PBXProject "RSADemo" */;
			compatibilityVersion = "Xcode 3.2";
			developmentRegion = English;
			hasScannedForEncodings = 0;
			knownRegions = (
				en,
				Base,
			);
			mainGroup = 5F2411AF1E4874C700D6C887;
			productRefGroup = 5F2411B91E4874C700D6C887 /* Products */;
			projectDirPath = "";
			projectRoot = "";
			targets = (
				5F2411B71E4874C700D6C887 /* RSADemo */,
				5F2411D01E4874C900D6C887 /* RSADemoTests */,
				5F2411DB1E4874C900D6C887 /* RSADemoUITests */,
			);
		};
/* End PBXProject section */

/* Begin PBXResourcesBuildPhase section */
		5F2411B61E4874C700D6C887 /* Resources */ = {
			isa = PBXResourcesBuildPhase;
			buildActionMask = 2147483647;
			files = (
				8E7CAEDE1E4962D900A716CA /* public_key.der in Resources */,
				8E7CAEDF1E4962D900A716CA /* private_key.p12 in Resources */,
				5F2411CB1E4874C800D6C887 /* LaunchScreen.storyboard in Resources */,
				5F2411C81E4874C800D6C887 /* Assets.xcassets in Resources */,
				5F2411C61E4874C800D6C887 /* Main.storyboard in Resources */,
			);
			runOnlyForDeploymentPostprocessing = 0;
		};
		5F2411CF1E4874C900D6C887 /* Resources */ = {
			isa = PBXResourcesBuildPhase;
			buildActionMask = 2147483647;
			files = (
			);
			runOnlyForDeploymentPostprocessing = 0;
		};
		5F2411DA1E4874C900D6C887 /* Resources */ = {
			isa = PBXResourcesBuildPhase;
			buildActionMask = 2147483647;
			files = (
			);
			runOnlyForDeploymentPostprocessing = 0;
		};
/* End PBXResourcesBuildPhase section */

/* Begin PBXSourcesBuildPhase section */
		5F2411B41E4874C700D6C887 /* Sources */ = {
			isa = PBXSourcesBuildPhase;
			buildActionMask = 2147483647;
			files = (
				5F2411C31E4874C800D6C887 /* ViewController.m in Sources */,
				5F2411F31E48750100D6C887 /* RSAEncryptor.m in Sources */,
				5F2411C01E4874C800D6C887 /* AppDelegate.m in Sources */,
				5F2411BD1E4874C700D6C887 /* main.m in Sources */,
			);
			runOnlyForDeploymentPostprocessing = 0;
		};
		5F2411CD1E4874C900D6C887 /* Sources */ = {
			isa = PBXSourcesBuildPhase;
			buildActionMask = 2147483647;
			files = (
				5F2411D61E4874C900D6C887 /* RSADemoTests.m in Sources */,
			);
			runOnlyForDeploymentPostprocessing = 0;
		};
		5F2411D81E4874C900D6C887 /* Sources */ = {
			isa = PBXSourcesBuildPhase;
			buildActionMask = 2147483647;
			files = (
				5F2411E11E4874C900D6C887 /* RSADemoUITests.m in Sources */,
			);
			runOnlyForDeploymentPostprocessing = 0;
		};
/* End PBXSourcesBuildPhase section */

/* Begin PBXTargetDependency section */
		5F2411D31E4874C900D6C887 /* PBXTargetDependency */ = {
			isa = PBXTargetDependency;
			target = 5F2411B71E4874C700D6C887 /* RSADemo */;
			targetProxy = 5F2411D21E4874C900D6C887 /* PBXContainerItemProxy */;
		};
		5F2411DE1E4874C900D6C887 /* PBXTargetDependency */ = {
			isa = PBXTargetDependency;
			target = 5F2411B71E4874C700D6C887 /* RSADemo */;
			targetProxy = 5F2411DD1E4874C900D6C887 /* PBXContainerItemProxy */;
		};
/* End PBXTargetDependency section */

/* Begin PBXVariantGroup section */
		5F2411C41E4874C800D6C887 /* Main.storyboard */ = {
			isa = PBXVariantGroup;
			children = (
				5F2411C51E4874C800D6C887 /* Base */,
			);
			name = Main.storyboard;
			sourceTree = "<group>";
		};
		5F2411C91E4874C800D6C887 /* LaunchScreen.storyboard */ = {
			isa = PBXVariantGroup;
			children = (
				5F2411CA1E4874C800D6C887 /* Base */,
			);
			name = LaunchScreen.storyboard;
			sourceTree = "<group>";
		};
/* End PBXVariantGroup section */

/* Begin XCBuildConfiguration section */
		5F2411E31E4874C900D6C887 /* Debug */ = {
			isa = XCBuildConfiguration;
			buildSettings = {
				ALWAYS_SEARCH_USER_PATHS = NO;
				CLANG_ANALYZER_NONNULL = YES;
				CLANG_CXX_LANGUAGE_STANDARD = "gnu++0x";
				CLANG_CXX_LIBRARY = "libc++";
				CLANG_ENABLE_MODULES = YES;
				CLANG_ENABLE_OBJC_ARC = YES;
				CLANG_WARN_BOOL_CONVERSION = YES;
				CLANG_WARN_CONSTANT_CONVERSION = YES;
				CLANG_WARN_DIRECT_OBJC_ISA_USAGE = YES_ERROR;
				CLANG_WARN_DOCUMENTATION_COMMENTS = YES;
				CLANG_WARN_EMPTY_BODY = YES;
				CLANG_WARN_ENUM_CONVERSION = YES;
				CLANG_WARN_INFINITE_RECURSION = YES;
				CLANG_WARN_INT_CONVERSION = YES;
				CLANG_WARN_OBJC_ROOT_CLASS = YES_ERROR;
				CLANG_WARN_SUSPICIOUS_MOVES = YES;
				CLANG_WARN_UNREACHABLE_CODE = YES;
				CLANG_WARN__DUPLICATE_METHOD_MATCH = YES;
				"CODE_SIGN_IDENTITY[sdk=iphoneos*]" = "iPhone Developer";
				COPY_PHASE_STRIP = NO;
				DEBUG_INFORMATION_FORMAT = dwarf;
				ENABLE_STRICT_OBJC_MSGSEND = YES;
				ENABLE_TESTABILITY = YES;
				GCC_C_LANGUAGE_STANDARD = gnu99;
				GCC_DYNAMIC_NO_PIC = NO;
				GCC_NO_COMMON_BLOCKS = YES;
				GCC_OPTIMIZATION_LEVEL = 0;
				GCC_PREPROCESSOR_DEFINITIONS = (
					"DEBUG=1",
					"$(inherited)",
				);
				GCC_WARN_64_TO_32_BIT_CONVERSION = YES;
				GCC_WARN_ABOUT_RETURN_TYPE = YES_ERROR;
				GCC_WARN_UNDECLARED_SELECTOR = YES;
				GCC_WARN_UNINITIALIZED_AUTOS = YES_AGGRESSIVE;
				GCC_WARN_UNUSED_FUNCTION = YES;
				GCC_WARN_UNUSED_VARIABLE = YES;
				IPHONEOS_DEPLOYMENT_TARGET = 10.0;
				MTL_ENABLE_DEBUG_INFO = YES;
				ONLY_ACTIVE_ARCH = YES;
				SDKROOT = iphoneos;
			};
			name = Debug;
		};
		5F2411E41E4874C900D6C887 /* Release */ = {
			isa = XCBuildConfiguration;
			buildSettings = {
				ALWAYS_SEARCH_USER_PATHS = NO;
				CLANG_ANALYZER_NONNULL = YES;
				CLANG_CXX_LANGUAGE_STANDARD = "gnu++0x";
				CLANG_CXX_LIBRARY = "libc++";
				CLANG_ENABLE_MODULES = YES;
				CLANG_ENABLE_OBJC_ARC = YES;
				CLANG_WARN_BOOL_CONVERSION = YES;
				CLANG_WARN_CONSTANT_CONVERSION = YES;
				CLANG_WARN_DIRECT_OBJC_ISA_USAGE = YES_ERROR;
				CLANG_WARN_DOCUMENTATION_COMMENTS = YES;
				CLANG_WARN_EMPTY_BODY = YES;
				CLANG_WARN_ENUM_CONVERSION = YES;
				CLANG_WARN_INFINITE_RECURSION = YES;
				CLANG_WARN_INT_CONVERSION = YES;
				CLANG_WARN_OBJC_ROOT_CLASS = YES_ERROR;
				CLANG_WARN_SUSPICIOUS_MOVES = YES;
				CLANG_WARN_UNREACHABLE_CODE = YES;
				CLANG_WARN__DUPLICATE_METHOD_MATCH = YES;
				"CODE_SIGN_IDENTITY[sdk=iphoneos*]" = "iPhone Developer";
				COPY_PHASE_STRIP = NO;
				DEBUG_INFORMATION_FORMAT = "dwarf-with-dsym";
				ENABLE_NS_ASSERTIONS = NO;
				ENABLE_STRICT_OBJC_MSGSEND = YES;
				GCC_C_LANGUAGE_STANDARD = gnu99;
				GCC_NO_COMMON_BLOCKS = YES;
				GCC_WARN_64_TO_32_BIT_CONVERSION = YES;
				GCC_WARN_ABOUT_RETURN_TYPE = YES_ERROR;
				GCC_WARN_UNDECLARED_SELECTOR = YES;
				GCC_WARN_UNINITIALIZED_AUTOS = YES_AGGRESSIVE;
				GCC_WARN_UNUSED_FUNCTION = YES;
				GCC_WARN_UNUSED_VARIABLE = YES;
				IPHONEOS_DEPLOYMENT_TARGET = 10.0;
				MTL_ENABLE_DEBUG_INFO = NO;
				SDKROOT = iphoneos;
				VALIDATE_PRODUCT = YES;
			};
			name = Release;
		};
		5F2411E61E4874C900D6C887 /* Debug */ = {
			isa = XCBuildConfiguration;
			buildSettings = {
				ASSETCATALOG_COMPILER_APPICON_NAME = AppIcon;
				DEVELOPMENT_TEAM = VBG5T2XYZS;
				INFOPLIST_FILE = RSADemo/Info.plist;
				IPHONEOS_DEPLOYMENT_TARGET = 8.0;
				LD_RUNPATH_SEARCH_PATHS = "$(inherited) @executable_path/Frameworks";
				PRODUCT_BUNDLE_IDENTIFIER = HJ.RSADemo;
				PRODUCT_NAME = "$(TARGET_NAME)";
			};
			name = Debug;
		};
		5F2411E71E4874C900D6C887 /* Release */ = {
			isa = XCBuildConfiguration;
			buildSettings = {
				ASSETCATALOG_COMPILER_APPICON_NAME = AppIcon;
				DEVELOPMENT_TEAM = VBG5T2XYZS;
				INFOPLIST_FILE = RSADemo/Info.plist;
				IPHONEOS_DEPLOYMENT_TARGET = 8.0;
				LD_RUNPATH_SEARCH_PATHS = "$(inherited) @executable_path/Frameworks";
				PRODUCT_BUNDLE_IDENTIFIER = HJ.RSADemo;
				PRODUCT_NAME = "$(TARGET_NAME)";
			};
			name = Release;
		};
		5F2411E91E4874C900D6C887 /* Debug */ = {
			isa = XCBuildConfiguration;
			buildSettings = {
				BUNDLE_LOADER = "$(TEST_HOST)";
				DEVELOPMENT_TEAM = VBG5T2XYZS;
				INFOPLIST_FILE = RSADemoTests/Info.plist;
				LD_RUNPATH_SEARCH_PATHS = "$(inherited) @executable_path/Frameworks @loader_path/Frameworks";
				PRODUCT_BUNDLE_IDENTIFIER = HJ.RSADemoTests;
				PRODUCT_NAME = "$(TARGET_NAME)";
				TEST_HOST = "$(BUILT_PRODUCTS_DIR)/RSADemo.app/RSADemo";
			};
			name = Debug;
		};
		5F2411EA1E4874C900D6C887 /* Release */ = {
			isa = XCBuildConfiguration;
			buildSettings = {
				BUNDLE_LOADER = "$(TEST_HOST)";
				DEVELOPMENT_TEAM = VBG5T2XYZS;
				INFOPLIST_FILE = RSADemoTests/Info.plist;
				LD_RUNPATH_SEARCH_PATHS = "$(inherited) @executable_path/Frameworks @loader_path/Frameworks";
				PRODUCT_BUNDLE_IDENTIFIER = HJ.RSADemoTests;
				PRODUCT_NAME = "$(TARGET_NAME)";
				TEST_HOST = "$(BUILT_PRODUCTS_DIR)/RSADemo.app/RSADemo";
			};
			name = Release;
		};
		5F2411EC1E4874C900D6C887 /* Debug */ = {
			isa = XCBuildConfiguration;
			buildSettings = {
				DEVELOPMENT_TEAM = VBG5T2XYZS;
				INFOPLIST_FILE = RSADemoUITests/Info.plist;
				LD_RUNPATH_SEARCH_PATHS = "$(inherited) @executable_path/Frameworks @loader_path/Frameworks";
				PRODUCT_BUNDLE_IDENTIFIER = HJ.RSADemoUITests;
				PRODUCT_NAME = "$(TARGET_NAME)";
				TEST_TARGET_NAME = RSADemo;
			};
			name = Debug;
		};
		5F2411ED1E4874C900D6C887 /* Release */ = {
			isa = XCBuildConfiguration;
			buildSettings = {
				DEVELOPMENT_TEAM = VBG5T2XYZS;
				INFOPLIST_FILE = RSADemoUITests/Info.plist;
				LD_RUNPATH_SEARCH_PATHS = "$(inherited) @executable_path/Frameworks @loader_path/Frameworks";
				PRODUCT_BUNDLE_IDENTIFIER = HJ.RSADemoUITests;
				PRODUCT_NAME = "$(TARGET_NAME)";
				TEST_TARGET_NAME = RSADemo;
			};
			name = Release;
		};
/* End XCBuildConfiguration section */

/* Begin XCConfigurationList section */
		5F2411B31E4874C700D6C887 /* Build configuration list for PBXProject "RSADemo" */ = {
			isa = XCConfigurationList;
			buildConfigurations = (
				5F2411E31E4874C900D6C887 /* Debug */,
				5F2411E41E4874C900D6C887 /* Release */,
			);
			defaultConfigurationIsVisible = 0;
			defaultConfigurationName = Release;
		};
		5F2411E51E4874C900D6C887 /* Build configuration list for PBXNativeTarget "RSADemo" */ = {
			isa = XCConfigurationList;
			buildConfigurations = (
				5F2411E61E4874C900D6C887 /* Debug */,
				5F2411E71E4874C900D6C887 /* Release */,
			);
			defaultConfigurationIsVisible = 0;
			defaultConfigurationName = Release;
		};
		5F2411E81E4874C900D6C887 /* Build configuration list for PBXNativeTarget "RSADemoTests" */ = {
			isa = XCConfigurationList;
			buildConfigurations = (
				5F2411E91E4874C900D6C887 /* Debug */,
				5F2411EA1E4874C900D6C887 /* Release */,
			);
			defaultConfigurationIsVisible = 0;
			defaultConfigurationName = Release;
		};
		5F2411EB1E4874C900D6C887 /* Build configuration list for PBXNativeTarget "RSADemoUITests" */ = {
			isa = XCConfigurationList;
			buildConfigurations = (
				5F2411EC1E4874C900D6C887 /* Debug */,
				5F2411ED1E4874C900D6C887 /* Release */,
			);
			defaultConfigurationIsVisible = 0;
			defaultConfigurationName = Release;
		};
/* End XCConfigurationList section */
	};
	rootObject = 5F2411B01E4874C700D6C887 /* Project object */;
}
